
Microsoft Visual Studio Solution File, Format Version 12.00
# Visual Studio 15
VisualStudioVersion = 15.0.28307.421
MinimumVisualStudioVersion = 10.0.40219.1
Project("{FAE04EC0-301F-11D3-BF4B-00C04F79EFBC}") = "FirstAppOnCSharp", "FirstAppOnCSharp\FirstAppOnCSharp.csproj", "{9A7F4D7A-0CE6-42C4-8457-3483E230E27A}"
EndProject
Project("{2150E333-8FDC-42A3-9474-1A3956D46DE8}") = "GitHub files", "GitHub files", "{4151EFD0-0D40-49EC-A773-EA1CDF2BD84C}"
	ProjectSection(SolutionItems) = preProject
		README.md = README.md
	EndProjectSection
EndProject
Global
	GlobalSection(SolutionConfigurationPlatforms) = preSolution
		Debug|Any CPU = Debug|Any CPU
		Release|Any CPU = Release|Any CPU
	EndGlobalSection
	GlobalSection(ProjectConfigurationPlatforms) = postSolution
		{9A7F4D7A-0CE6-42C4-8457-3483E230E27A}.Debug|Any CPU.ActiveCfg = Debug|Any CPU
		{9A7F4D7A-0CE6-42C4-8457-3483E230E27A}.Debug|Any CPU.Build.0 = Debug|Any CPU
		{9A7F4D7A-0CE6-42C4-8457-3483E230E27A}.Release|Any CPU.ActiveCfg = Release|Any CPU
		{9A7F4D7A-0CE6-42C4-8457-3483E230E27A}.Release|Any CPU.Build.0 = Release|Any CPU
	EndGlobalSection
	GlobalSection(SolutionProperties) = preSolution
		HideSolutionNode = FALSE
	EndGlobalSection
	GlobalSection(ExtensibilityGlobals) = postSolution
		SolutionGuid = {5DB5BA89-F081-4687-9D68-C3DBF046827F}
	EndGlobalSection
EndGlobal
